
Microsoft Visual Studio Solution File, Format Version 12.00
# Visual Studio Version 16
VisualStudioVersion = 16.0.29709.97
MinimumVisualStudioVersion = 10.0.40219.1
Project("{FAE04EC0-301F-11D3-BF4B-00C04F79EFBC}") = "test", "test\test.csproj", "{D3C1B5BD-BDA0-450A-A456-93336E58014D}"
EndProject
Global
	GlobalSection(SolutionConfigurationPlatforms) = preSolution
		Debug|Any CPU = Debug|Any CPU
		Release|Any CPU = Release|Any CPU
	EndGlobalSection
	GlobalSection(ProjectConfigurationPlatforms) = postSolution
		{D3C1B5BD-BDA0-450A-A456-93336E58014D}.Debug|Any CPU.ActiveCfg = Debug|Any CPU
		{D3C1B5BD-BDA0-450A-A456-93336E58014D}.Debug|Any CPU.Build.0 = Debug|Any CPU
		{D3C1B5BD-BDA0-450A-A456-93336E58014D}.Release|Any CPU.ActiveCfg = Release|Any CPU
		{D3C1B5BD-BDA0-450A-A456-93336E58014D}.Release|Any CPU.Build.0 = Release|Any CPU
	EndGlobalSection
	GlobalSection(SolutionProperties) = preSolution
		HideSolutionNode = FALSE
	EndGlobalSection
	GlobalSection(ExtensibilityGlobals) = postSolution
		SolutionGuid = {618BB99D-856C-4FD2-A809-1EEC6DD8DCEA}
	EndGlobalSection
EndGlobal
